PODS:
  - audio_session (0.0.1):
    - Flutter
  - camera_avfoundation (0.0.1):
    - Flutter
  - ffmpeg-kit-ios-https (6.0)
  - ffmpeg_kit_flutter (6.0.3):
    - ffmpeg_kit_flutter/https (= 6.0.3)
    - Flutter
  - ffmpeg_kit_flutter/https (6.0.3):
    - ffmpeg-kit-ios-https (= 6.0)
    - Flutter
  - Flutter (1.0.0)
  - google_maps_flutter_ios (0.0.1):
    - Flutter
    - GoogleMaps (< 9.0)
  - GoogleMaps (7.4.0):
    - GoogleMaps/Maps (= 7.4.0)
  - GoogleMaps/Base (7.4.0)
  - GoogleMaps/Maps (7.4.0):
    - GoogleMaps/Base
  - just_audio (0.0.1):
    - Flutter
  - location (0.0.1):
    - Flutter
  - path_provider_foundation (0.0.1):
    - Flutter
    - FlutterMacOS
  - speech_to_text (0.0.1):
    - Flutter
    - Try
  - TensorFlowLiteC (2.14.0):
    - TensorFlowLiteC/Core (= 2.14.0)
  - TensorFlowLiteC/Core (2.14.0)
  - TensorFlowLiteSwift (2.14.0):
    - TensorFlowLiteSwift/Core (= 2.14.0)
  - TensorFlowLiteSwift/Core (2.14.0):
    - TensorFlowLiteC (= 2.14.0)
  - Try (2.1.1)

DEPENDENCIES:
  - audio_session (from `.symlinks/plugins/audio_session/ios`)
  - camera_avfoundation (from `.symlinks/plugins/camera_avfoundation/ios`)
  - ffmpeg_kit_flutter (from `.symlinks/plugins/ffmpeg_kit_flutter/ios`)
  - Flutter (from `Flutter`)
  - google_maps_flutter_ios (from `.symlinks/plugins/google_maps_flutter_ios/ios`)
  - just_audio (from `.symlinks/plugins/just_audio/ios`)
  - location (from `.symlinks/plugins/location/ios`)
  - path_provider_foundation (from `.symlinks/plugins/path_provider_foundation/darwin`)
  - speech_to_text (from `.symlinks/plugins/speech_to_text/ios`)
  - TensorFlowLiteSwift

SPEC REPOS:
  trunk:
    - ffmpeg-kit-ios-https
    - GoogleMaps
    - TensorFlowLiteC
    - TensorFlowLiteSwift
    - Try

EXTERNAL SOURCES:
  audio_session:
    :path: ".symlinks/plugins/audio_session/ios"
  camera_avfoundation:
    :path: ".symlinks/plugins/camera_avfoundation/ios"
  ffmpeg_kit_flutter:
    :path: ".symlinks/plugins/ffmpeg_kit_flutter/ios"
  Flutter:
    :path: Flutter
  google_maps_flutter_ios:
    :path: ".symlinks/plugins/google_maps_flutter_ios/ios"
  just_audio:
    :path: ".symlinks/plugins/just_audio/ios"
  location:
    :path: ".symlinks/plugins/location/ios"
  path_provider_foundation:
    :path: ".symlinks/plugins/path_provider_foundation/darwin"
  speech_to_text:
    :path: ".symlinks/plugins/speech_to_text/ios"

SPEC CHECKSUMS:
  audio_session: 088d2483ebd1dc43f51d253d4a1c517d9a2e7207
  camera_avfoundation: 759172d1a77ae7be0de08fc104cfb79738b8a59e
  ffmpeg-kit-ios-https: f9c838aa5400a6c5ba12324c6b798f52197ba354
  ffmpeg_kit_flutter: b4ca70cac3fc1d8ac14cdc660754b60870358732
  Flutter: e0871f40cf51350855a761d2e70bf5af5b9b5de7
  google_maps_flutter_ios: f135b968a67c05679e0a53538e900b5c174b0d99
  GoogleMaps: 032f676450ba0779bd8ce16840690915f84e57ac
  just_audio: baa7252489dbcf47a4c7cc9ca663e9661c99aafa
  location: d5cf8598915965547c3f36761ae9cc4f4e87d22e
  path_provider_foundation: 3784922295ac71e43754bd15e0653ccfd36a147c
  speech_to_text: b43a7d99aef037bd758ed8e45d79bbac035d2dfe
  TensorFlowLiteC: a836de9b6e6018665ccc349538bdd2c3b80dd7a5
  TensorFlowLiteSwift: f706b143b69d7bf433aba7b08049bdd11c321a10
  Try: 5ef669ae832617b3cee58cb2c6f99fb767a4ff96

PODFILE CHECKSUM: 63df771cc1d021e92cafcb78566c47434d3f6078

COCOAPODS: 1.15.2
